// !$*UTF8*$!
{
	archiveVersion = 1;
	classes = {
	};
	objectVersion = 56;
	objects = {

/* Begin PBXBuildFile section */
		676D27C72AA095B90003326F /* AppDelegate.swift in Sources */ = {isa = PBXBuildFile; fileRef = 676D27C62AA095B90003326F /* AppDelegate.swift */; };
		676D27C92AA095B90003326F /* SceneDelegate.swift in Sources */ = {isa = PBXBuildFile; fileRef = 676D27C82AA095B90003326F /* SceneDelegate.swift */; };
		676D27CB2AA095B90003326F /* ViewController.swift in Sources */ = {isa = PBXBuildFile; fileRef = 676D27CA2AA095B90003326F /* ViewController.swift */; };
		676D27CE2AA095B90003326F /* Main.storyboard in Resources */ = {isa = PBXBuildFile; fileRef = 676D27CC2AA095B90003326F /* Main.storyboard */; };
		676D27D02AA095BA0003326F /* Assets.xcassets in Resources */ = {isa = PBXBuildFile; fileRef = 676D27CF2AA095BA0003326F /* Assets.xcassets */; };
		676D27D32AA095BA0003326F /* LaunchScreen.storyboard in Resources */ = {isa = PBXBuildFile; fileRef = 676D27D12AA095BA0003326F /* LaunchScreen.storyboard */; };
		676D27E12AA1F0D40003326F /* LogInView.swift in Sources */ = {isa = PBXBuildFile; fileRef = 676D27E02AA1F0D40003326F /* LogInView.swift */; };
		676D27E32AA1F8A50003326F /* LogOutViewController.swift in Sources */ = {isa = PBXBuildFile; fileRef = 676D27E22AA1F8A50003326F /* LogOutViewController.swift */; };
/* End PBXBuildFile section */

/* Begin PBXFileReference section */
		676D27C32AA095B90003326F /* logInApp.app */ = {isa = PBXFileReference; explicitFileType = wrapper.application; includeInIndex = 0; path = logInApp.app; sourceTree = BUILT_PRODUCTS_DIR; };
		676D27C62AA095B90003326F /* AppDelegate.swift */ = {isa = PBXFileReference; lastKnownFileType = sourcecode.swift; path = AppDelegate.swift; sourceTree = "<group>"; };
		676D27C82AA095B90003326F /* SceneDelegate.swift */ = {isa = PBXFileReference; lastKnownFileType = sourcecode.swift; path = SceneDelegate.swift; sourceTree = "<group>"; };
		676D27CA2AA095B90003326F /* ViewController.swift */ = {isa = PBXFileReference; lastKnownFileType = sourcecode.swift; path = ViewController.swift; sourceTree = "<group>"; };
		676D27CD2AA095B90003326F /* Base */ = {isa = PBXFileReference; lastKnownFileType = file.storyboard; name = Base; path = Base.lproj/Main.storyboard; sourceTree = "<group>"; };
		676D27CF2AA095BA0003326F /* Assets.xcassets */ = {isa = PBXFileReference; lastKnownFileType = folder.assetcatalog; path = Assets.xcassets; sourceTree = "<group>"; };
		676D27D22AA095BA0003326F /* Base */ = {isa = PBXFileReference; lastKnownFileType = file.storyboard; name = Base; path = Base.lproj/LaunchScreen.storyboard; sourceTree = "<group>"; };
		676D27D42AA095BA0003326F /* Info.plist */ = {isa = PBXFileReference; lastKnownFileType = text.plist.xml; path = Info.plist; sourceTree = "<group>"; };
		676D27E02AA1F0D40003326F /* LogInView.swift */ = {isa = PBXFileReference; lastKnownFileType = sourcecode.swift; path = LogInView.swift; sourceTree = "<group>"; };
		676D27E22AA1F8A50003326F /* LogOutViewController.swift */ = {isa = PBXFileReference; lastKnownFileType = sourcecode.swift; path = LogOutViewController.swift; sourceTree = "<group>"; };
/* End PBXFileReference section */

/* Begin PBXFrameworksBuildPhase section */
		676D27C02AA095B90003326F /* Frameworks */ = {
			isa = PBXFrameworksBuildPhase;
			buildActionMask = 2147483647;
			files = (
			);
			runOnlyForDeploymentPostprocessing = 0;
		};
/* End PBXFrameworksBuildPhase section */

/* Begin PBXGroup section */
		676D27BA2AA095B90003326F = {
			isa = PBXGroup;
			children = (
				676D27C52AA095B90003326F /* logInApp */,
				676D27C42AA095B90003326F /* Products */,
			);
			sourceTree = "<group>";
		};
		676D27C42AA095B90003326F /* Products */ = {
			isa = PBXGroup;
			children = (
				676D27C32AA095B90003326F /* logInApp.app */,
			);
			name = Products;
			sourceTree = "<group>";
		};
		676D27C52AA095B90003326F /* logInApp */ = {
			isa = PBXGroup;
			children = (
				676D27DD2AA096340003326F /* Products */,
				676D27DF2AA0964F0003326F /* Models */,
				676D27DB2AA095F70003326F /* Storyboards */,
				676D27DA2AA095D50003326F /* View Controllers */,
				676D27DC2AA096100003326F /* Supporting Files */,
				676D27DE2AA096460003326F /* Resources */,
			);
			path = logInApp;
			sourceTree = "<group>";
		};
		676D27DA2AA095D50003326F /* View Controllers */ = {
			isa = PBXGroup;
			children = (
				676D27CA2AA095B90003326F /* ViewController.swift */,
				676D27E02AA1F0D40003326F /* LogInView.swift */,
				676D27E22AA1F8A50003326F /* LogOutViewController.swift */,
			);
			path = "View Controllers";
			sourceTree = "<group>";
		};
		676D27DB2AA095F70003326F /* Storyboards */ = {
			isa = PBXGroup;
			children = (
				676D27CC2AA095B90003326F /* Main.storyboard */,
				676D27D12AA095BA0003326F /* LaunchScreen.storyboard */,
			);
			path = Storyboards;
			sourceTree = "<group>";
		};
		676D27DC2AA096100003326F /* Supporting Files */ = {
			isa = PBXGroup;
			children = (
				676D27C62AA095B90003326F /* AppDelegate.swift */,
				676D27C82AA095B90003326F /* SceneDelegate.swift */,
				676D27D42AA095BA0003326F /* Info.plist */,
			);
			path = "Supporting Files";
			sourceTree = "<group>";
		};
		676D27DD2AA096340003326F /* Products */ = {
			isa = PBXGroup;
			children = (
				676D27CF2AA095BA0003326F /* Assets.xcassets */,
			);
			path = Products;
			sourceTree = "<group>";
		};
		676D27DE2AA096460003326F /* Resources */ = {
			isa = PBXGroup;
			children = (
			);
			path = Resources;
			sourceTree = "<group>";
		};
		676D27DF2AA0964F0003326F /* Models */ = {
			isa = PBXGroup;
			children = (
			);
			path = Models;
			sourceTree = "<group>";
		};
/* End PBXGroup section */

/* Begin PBXNativeTarget section */
		676D27C22AA095B90003326F /* logInApp */ = {
			isa = PBXNativeTarget;
			buildConfigurationList = 676D27D72AA095BA0003326F /* Build configuration list for PBXNativeTarget "logInApp" */;
			buildPhases = (
				676D27BF2AA095B90003326F /* Sources */,
				676D27C02AA095B90003326F /* Frameworks */,
				676D27C12AA095B90003326F /* Resources */,
			);
			buildRules = (
			);
			dependencies = (
			);
			name = logInApp;
			productName = logInApp;
			productReference = 676D27C32AA095B90003326F /* logInApp.app */;
			productType = "com.apple.product-type.application";
		};
/* End PBXNativeTarget section */

/* Begin PBXProject section */
		676D27BB2AA095B90003326F /* Project object */ = {
			isa = PBXProject;
			attributes = {
				BuildIndependentTargetsInParallel = 1;
				LastSwiftUpdateCheck = 1430;
				LastUpgradeCheck = 1430;
				TargetAttributes = {
					676D27C22AA095B90003326F = {
						CreatedOnToolsVersion = 14.3.1;
					};
				};
			};
			buildConfigurationList = 676D27BE2AA095B90003326F /* Build configuration list for PBXProject "logInApp" */;
			compatibilityVersion = "Xcode 14.0";
			developmentRegion = en;
			hasScannedForEncodings = 0;
			knownRegions = (
				en,
				Base,
			);
			mainGroup = 676D27BA2AA095B90003326F;
			productRefGroup = 676D27C42AA095B90003326F /* Products */;
			projectDirPath = "";
			projectRoot = "";
			targets = (
				676D27C22AA095B90003326F /* logInApp */,
			);
		};
/* End PBXProject section */

/* Begin PBXResourcesBuildPhase section */
		676D27C12AA095B90003326F /* Resources */ = {
			isa = PBXResourcesBuildPhase;
			buildActionMask = 2147483647;
			files = (
				676D27D32AA095BA0003326F /* LaunchScreen.storyboard in Resources */,
				676D27D02AA095BA0003326F /* Assets.xcassets in Resources */,
				676D27CE2AA095B90003326F /* Main.storyboard in Resources */,
			);
			runOnlyForDeploymentPostprocessing = 0;
		};
/* End PBXResourcesBuildPhase section */

/* Begin PBXSourcesBuildPhase section */
		676D27BF2AA095B90003326F /* Sources */ = {
			isa = PBXSourcesBuildPhase;
			buildActionMask = 2147483647;
			files = (
				676D27CB2AA095B90003326F /* ViewController.swift in Sources */,
				676D27C72AA095B90003326F /* AppDelegate.swift in Sources */,
				676D27E12AA1F0D40003326F /* LogInView.swift in Sources */,
				676D27E32AA1F8A50003326F /* LogOutViewController.swift in Sources */,
				676D27C92AA095B90003326F /* SceneDelegate.swift in Sources */,
			);
			runOnlyForDeploymentPostprocessing = 0;
		};
/* End PBXSourcesBuildPhase section */

/* Begin PBXVariantGroup section */
		676D27CC2AA095B90003326F /* Main.storyboard */ = {
			isa = PBXVariantGroup;
			children = (
				676D27CD2AA095B90003326F /* Base */,
			);
			name = Main.storyboard;
			sourceTree = "<group>";
		};
		676D27D12AA095BA0003326F /* LaunchScreen.storyboard */ = {
			isa = PBXVariantGroup;
			children = (
				676D27D22AA095BA0003326F /* Base */,
			);
			name = LaunchScreen.storyboard;
			sourceTree = "<group>";
		};
/* End PBXVariantGroup section */

/* Begin XCBuildConfiguration section */
		676D27D52AA095BA0003326F /* Debug */ = {
			isa = XCBuildConfiguration;
			buildSettings = {
				ALWAYS_SEARCH_USER_PATHS = NO;
				CLANG_ANALYZER_NONNULL = YES;
				CLANG_ANALYZER_NUMBER_OBJECT_CONVERSION = YES_AGGRESSIVE;
				CLANG_CXX_LANGUAGE_STANDARD = "gnu++20";
				CLANG_ENABLE_MODULES = YES;
				CLANG_ENABLE_OBJC_ARC = YES;
				CLANG_ENABLE_OBJC_WEAK = YES;
				CLANG_WARN_BLOCK_CAPTURE_AUTORELEASING = YES;
				CLANG_WARN_BOOL_CONVERSION = YES;
				CLANG_WARN_COMMA = YES;
				CLANG_WARN_CONSTANT_CONVERSION = YES;
				CLANG_WARN_DEPRECATED_OBJC_IMPLEMENTATIONS = YES;
				CLANG_WARN_DIRECT_OBJC_ISA_USAGE = YES_ERROR;
				CLANG_WARN_DOCUMENTATION_COMMENTS = YES;
				CLANG_WARN_EMPTY_BODY = YES;
				CLANG_WARN_ENUM_CONVERSION = YES;
				CLANG_WARN_INFINITE_RECURSION = YES;
				CLANG_WARN_INT_CONVERSION = YES;
				CLANG_WARN_NON_LITERAL_NULL_CONVERSION = YES;
				CLANG_WARN_OBJC_IMPLICIT_RETAIN_SELF = YES;
				CLANG_WARN_OBJC_LITERAL_CONVERSION = YES;
				CLANG_WARN_OBJC_ROOT_CLASS = YES_ERROR;
				CLANG_WARN_QUOTED_INCLUDE_IN_FRAMEWORK_HEADER = YES;
				CLANG_WARN_RANGE_LOOP_ANALYSIS = YES;
				CLANG_WARN_STRICT_PROTOTYPES = YES;
				CLANG_WARN_SUSPICIOUS_MOVE = YES;
				CLANG_WARN_UNGUARDED_AVAILABILITY = YES_AGGRESSIVE;
				CLANG_WARN_UNREACHABLE_CODE = YES;
				CLANG_WARN__DUPLICATE_METHOD_MATCH = YES;
				COPY_PHASE_STRIP = NO;
				DEBUG_INFORMATION_FORMAT = dwarf;
				ENABLE_STRICT_OBJC_MSGSEND = YES;
				ENABLE_TESTABILITY = YES;
				GCC_C_LANGUAGE_STANDARD = gnu11;
				GCC_DYNAMIC_NO_PIC = NO;
				GCC_NO_COMMON_BLOCKS = YES;
				GCC_OPTIMIZATION_LEVEL = 0;
				GCC_PREPROCESSOR_DEFINITIONS = (
					"DEBUG=1",
					"$(inherited)",
				);
				GCC_WARN_64_TO_32_BIT_CONVERSION = YES;
				GCC_WARN_ABOUT_RETURN_TYPE = YES_ERROR;
				GCC_WARN_UNDECLARED_SELECTOR = YES;
				GCC_WARN_UNINITIALIZED_AUTOS = YES_AGGRESSIVE;
				GCC_WARN_UNUSED_FUNCTION = YES;
				GCC_WARN_UNUSED_VARIABLE = YES;
				IPHONEOS_DEPLOYMENT_TARGET = 16.4;
				MTL_ENABLE_DEBUG_INFO = INCLUDE_SOURCE;
				MTL_FAST_MATH = YES;
				ONLY_ACTIVE_ARCH = YES;
				SDKROOT = iphoneos;
				SWIFT_ACTIVE_COMPILATION_CONDITIONS = DEBUG;
				SWIFT_OPTIMIZATION_LEVEL = "-Onone";
			};
			name = Debug;
		};
		676D27D62AA095BA0003326F /* Release */ = {
			isa = XCBuildConfiguration;
			buildSettings = {
				ALWAYS_SEARCH_USER_PATHS = NO;
				CLANG_ANALYZER_NONNULL = YES;
				CLANG_ANALYZER_NUMBER_OBJECT_CONVERSION = YES_AGGRESSIVE;
				CLANG_CXX_LANGUAGE_STANDARD = "gnu++20";
				CLANG_ENABLE_MODULES = YES;
				CLANG_ENABLE_OBJC_ARC = YES;
				CLANG_ENABLE_OBJC_WEAK = YES;
				CLANG_WARN_BLOCK_CAPTURE_AUTORELEASING = YES;
				CLANG_WARN_BOOL_CONVERSION = YES;
				CLANG_WARN_COMMA = YES;
				CLANG_WARN_CONSTANT_CONVERSION = YES;
				CLANG_WARN_DEPRECATED_OBJC_IMPLEMENTATIONS = YES;
				CLANG_WARN_DIRECT_OBJC_ISA_USAGE = YES_ERROR;
				CLANG_WARN_DOCUMENTATION_COMMENTS = YES;
				CLANG_WARN_EMPTY_BODY = YES;
				CLANG_WARN_ENUM_CONVERSION = YES;
				CLANG_WARN_INFINITE_RECURSION = YES;
				CLANG_WARN_INT_CONVERSION = YES;
				CLANG_WARN_NON_LITERAL_NULL_CONVERSION = YES;
				CLANG_WARN_OBJC_IMPLICIT_RETAIN_SELF = YES;
				CLANG_WARN_OBJC_LITERAL_CONVERSION = YES;
				CLANG_WARN_OBJC_ROOT_CLASS = YES_ERROR;
				CLANG_WARN_QUOTED_INCLUDE_IN_FRAMEWORK_HEADER = YES;
				CLANG_WARN_RANGE_LOOP_ANALYSIS = YES;
				CLANG_WARN_STRICT_PROTOTYPES = YES;
				CLANG_WARN_SUSPICIOUS_MOVE = YES;
				CLANG_WARN_UNGUARDED_AVAILABILITY = YES_AGGRESSIVE;
				CLANG_WARN_UNREACHABLE_CODE = YES;
				CLANG_WARN__DUPLICATE_METHOD_MATCH = YES;
				COPY_PHASE_STRIP = NO;
				DEBUG_INFORMATION_FORMAT = "dwarf-with-dsym";
				ENABLE_NS_ASSERTIONS = NO;
				ENABLE_STRICT_OBJC_MSGSEND = YES;
				GCC_C_LANGUAGE_STANDARD = gnu11;
				GCC_NO_COMMON_BLOCKS = YES;
				GCC_WARN_64_TO_32_BIT_CONVERSION = YES;
				GCC_WARN_ABOUT_RETURN_TYPE = YES_ERROR;
				GCC_WARN_UNDECLARED_SELECTOR = YES;
				GCC_WARN_UNINITIALIZED_AUTOS = YES_AGGRESSIVE;
				GCC_WARN_UNUSED_FUNCTION = YES;
				GCC_WARN_UNUSED_VARIABLE = YES;
				IPHONEOS_DEPLOYMENT_TARGET = 16.4;
				MTL_ENABLE_DEBUG_INFO = NO;
				MTL_FAST_MATH = YES;
				SDKROOT = iphoneos;
				SWIFT_COMPILATION_MODE = wholemodule;
				SWIFT_OPTIMIZATION_LEVEL = "-O";
				VALIDATE_PRODUCT = YES;
			};
			name = Release;
		};
		676D27D82AA095BA0003326F /* Debug */ = {
			isa = XCBuildConfiguration;
			buildSettings = {
				ASSETCATALOG_COMPILER_APPICON_NAME = AppIcon;
				ASSETCATALOG_COMPILER_GLOBAL_ACCENT_COLOR_NAME = AccentColor;
				CODE_SIGN_STYLE = Automatic;
				CURRENT_PROJECT_VERSION = 1;
				DEVELOPMENT_TEAM = Y2YV4697D7;
				GENERATE_INFOPLIST_FILE = YES;
				INFOPLIST_FILE = "logInApp/Supporting Files/Info.plist";
				INFOPLIST_KEY_UIApplicationSupportsIndirectInputEvents = YES;
				INFOPLIST_KEY_UILaunchStoryboardName = LaunchScreen;
				INFOPLIST_KEY_UIMainStoryboardFile = Main;
				INFOPLIST_KEY_UISupportedInterfaceOrientations_iPad = "UIInterfaceOrientationPortrait UIInterfaceOrientationPortraitUpsideDown UIInterfaceOrientationLandscapeLeft UIInterfaceOrientationLandscapeRight";
				INFOPLIST_KEY_UISupportedInterfaceOrientations_iPhone = "UIInterfaceOrientationPortrait UIInterfaceOrientationLandscapeLeft UIInterfaceOrientationLandscapeRight";
				LD_RUNPATH_SEARCH_PATHS = (
					"$(inherited)",
					"@executable_path/Frameworks",
				);
				MARKETING_VERSION = 1.0;
				PRODUCT_BUNDLE_IDENTIFIER = "Hasan-inc.logInApp";
				PRODUCT_NAME = "$(TARGET_NAME)";
				SUPPORTED_PLATFORMS = "iphoneos iphonesimulator";
				SUPPORTS_MACCATALYST = NO;
				SUPPORTS_MAC_DESIGNED_FOR_IPHONE_IPAD = NO;
				SWIFT_EMIT_LOC_STRINGS = YES;
				SWIFT_VERSION = 5.0;
				TARGETED_DEVICE_FAMILY = 1;
			};
			name = Debug;
		};
		676D27D92AA095BA0003326F /* Release */ = {
			isa = XCBuildConfiguration;
			buildSettings = {
				ASSETCATALOG_COMPILER_APPICON_NAME = AppIcon;
				ASSETCATALOG_COMPILER_GLOBAL_ACCENT_COLOR_NAME = AccentColor;
				CODE_SIGN_STYLE = Automatic;
				CURRENT_PROJECT_VERSION = 1;
				DEVELOPMENT_TEAM = Y2YV4697D7;
				GENERATE_INFOPLIST_FILE = YES;
				INFOPLIST_FILE = "logInApp/Supporting Files/Info.plist";
				INFOPLIST_KEY_UIApplicationSupportsIndirectInputEvents = YES;
				INFOPLIST_KEY_UILaunchStoryboardName = LaunchScreen;
				INFOPLIST_KEY_UIMainStoryboardFile = Main;
				INFOPLIST_KEY_UISupportedInterfaceOrientations_iPad = "UIInterfaceOrientationPortrait UIInterfaceOrientationPortraitUpsideDown UIInterfaceOrientationLandscapeLeft UIInterfaceOrientationLandscapeRight";
				INFOPLIST_KEY_UISupportedInterfaceOrientations_iPhone = "UIInterfaceOrientationPortrait UIInterfaceOrientationLandscapeLeft UIInterfaceOrientationLandscapeRight";
				LD_RUNPATH_SEARCH_PATHS = (
					"$(inherited)",
					"@executable_path/Frameworks",
				);
				MARKETING_VERSION = 1.0;
				PRODUCT_BUNDLE_IDENTIFIER = "Hasan-inc.logInApp";
				PRODUCT_NAME = "$(TARGET_NAME)";
				SUPPORTED_PLATFORMS = "iphoneos iphonesimulator";
				SUPPORTS_MACCATALYST = NO;
				SUPPORTS_MAC_DESIGNED_FOR_IPHONE_IPAD = NO;
				SWIFT_EMIT_LOC_STRINGS = YES;
				SWIFT_VERSION = 5.0;
				TARGETED_DEVICE_FAMILY = 1;
			};
			name = Release;
		};
/* End XCBuildConfiguration section */

/* Begin XCConfigurationList section */
		676D27BE2AA095B90003326F /* Build configuration list for PBXProject "logInApp" */ = {
			isa = XCConfigurationList;
			buildConfigurations = (
				676D27D52AA095BA0003326F /* Debug */,
				676D27D62AA095BA0003326F /* Release */,
			);
			defaultConfigurationIsVisible = 0;
			defaultConfigurationName = Release;
		};
		676D27D72AA095BA0003326F /* Build configuration list for PBXNativeTarget "logInApp" */ = {
			isa = XCConfigurationList;
			buildConfigurations = (
				676D27D82AA095BA0003326F /* Debug */,
				676D27D92AA095BA0003326F /* Release */,
			);
			defaultConfigurationIsVisible = 0;
			defaultConfigurationName = Release;
		};
/* End XCConfigurationList section */
	};
	rootObject = 676D27BB2AA095B90003326F /* Project object */;
}
